// !$*UTF8*$!
{
	archiveVersion = 1;
	classes = {
	};
	objectVersion = 56;
	objects = {

/* Begin PBXBuildFile section */
		561D19992BEE33CA00B0CC89 /* User.swift in Sources */ = {isa = PBXBuildFile; fileRef = 561D19982BEE33CA00B0CC89 /* User.swift */; };
		561D199C2BEE374C00B0CC89 /* NetworkManager.swift in Sources */ = {isa = PBXBuildFile; fileRef = 561D199B2BEE374C00B0CC89 /* NetworkManager.swift */; };
		561D199F2BF014DA00B0CC89 /* ErrorMessage.swift in Sources */ = {isa = PBXBuildFile; fileRef = 561D199E2BF014DA00B0CC89 /* ErrorMessage.swift */; };
		561D19A22BF11F8300B0CC89 /* FollowerCell.swift in Sources */ = {isa = PBXBuildFile; fileRef = 561D19A12BF11F8300B0CC89 /* FollowerCell.swift */; };
		561D19A42BF1203100B0CC89 /* GFAvatarImageView.swift in Sources */ = {isa = PBXBuildFile; fileRef = 561D19A32BF1203100B0CC89 /* GFAvatarImageView.swift */; };
		562821B32BE8ECBE00A2E887 /* GFTitleLabel.swift in Sources */ = {isa = PBXBuildFile; fileRef = 562821B22BE8ECBE00A2E887 /* GFTitleLabel.swift */; };
		562821B52BE8EEAD00A2E887 /* GFBodyLabel.swift in Sources */ = {isa = PBXBuildFile; fileRef = 562821B42BE8EEAD00A2E887 /* GFBodyLabel.swift */; };
		562821B72BE8F14500A2E887 /* GFAlertVC.swift in Sources */ = {isa = PBXBuildFile; fileRef = 562821B62BE8F14500A2E887 /* GFAlertVC.swift */; };
		562821BB2BE8FDD000A2E887 /* UIViewController+Ext.swift in Sources */ = {isa = PBXBuildFile; fileRef = 562821BA2BE8FDD000A2E887 /* UIViewController+Ext.swift */; };
		56333FF32BDA6D6E00403EAC /* AppDelegate.swift in Sources */ = {isa = PBXBuildFile; fileRef = 56333FF22BDA6D6E00403EAC /* AppDelegate.swift */; };
		56333FF52BDA6D6E00403EAC /* SceneDelegate.swift in Sources */ = {isa = PBXBuildFile; fileRef = 56333FF42BDA6D6E00403EAC /* SceneDelegate.swift */; };
		56333FFC2BDA6D7100403EAC /* Assets.xcassets in Resources */ = {isa = PBXBuildFile; fileRef = 56333FFB2BDA6D7100403EAC /* Assets.xcassets */; };
		56333FFF2BDA6D7100403EAC /* LaunchScreen.storyboard in Resources */ = {isa = PBXBuildFile; fileRef = 56333FFD2BDA6D7100403EAC /* LaunchScreen.storyboard */; };
		563340072BDA75AD00403EAC /* SearchVC.swift in Sources */ = {isa = PBXBuildFile; fileRef = 563340062BDA75AD00403EAC /* SearchVC.swift */; };
		563340092BDA75FA00403EAC /* FavoritesListVC.swift in Sources */ = {isa = PBXBuildFile; fileRef = 563340082BDA75FA00403EAC /* FavoritesListVC.swift */; };
		5633400B2BDA8F2000403EAC /* GFButton.swift in Sources */ = {isa = PBXBuildFile; fileRef = 5633400A2BDA8F2000403EAC /* GFButton.swift */; };
		5644EE2A2BED577200F61228 /* Follower.swift in Sources */ = {isa = PBXBuildFile; fileRef = 5644EE292BED577200F61228 /* Follower.swift */; };
		56A9B8272BF2750900FFF27F /* UIHelper.swift in Sources */ = {isa = PBXBuildFile; fileRef = 56A9B8262BF2750900FFF27F /* UIHelper.swift */; };
		56E4C1852BDB9CFE00F7D24B /* GFTextField.swift in Sources */ = {isa = PBXBuildFile; fileRef = 56E4C1842BDB9CFE00F7D24B /* GFTextField.swift */; };
		56E4C1872BDCDBBD00F7D24B /* FollowerListVC.swift in Sources */ = {isa = PBXBuildFile; fileRef = 56E4C1862BDCDBBD00F7D24B /* FollowerListVC.swift */; };
/* End PBXBuildFile section */

/* Begin PBXFileReference section */
		561D19982BEE33CA00B0CC89 /* User.swift */ = {isa = PBXFileReference; lastKnownFileType = sourcecode.swift; path = User.swift; sourceTree = "<group>"; };
		561D199B2BEE374C00B0CC89 /* NetworkManager.swift */ = {isa = PBXFileReference; lastKnownFileType = sourcecode.swift; path = NetworkManager.swift; sourceTree = "<group>"; };
		561D199E2BF014DA00B0CC89 /* ErrorMessage.swift */ = {isa = PBXFileReference; lastKnownFileType = sourcecode.swift; path = ErrorMessage.swift; sourceTree = "<group>"; };
		561D19A12BF11F8300B0CC89 /* FollowerCell.swift */ = {isa = PBXFileReference; lastKnownFileType = sourcecode.swift; path = FollowerCell.swift; sourceTree = "<group>"; };
		561D19A32BF1203100B0CC89 /* GFAvatarImageView.swift */ = {isa = PBXFileReference; lastKnownFileType = sourcecode.swift; path = GFAvatarImageView.swift; sourceTree = "<group>"; };
		562821B22BE8ECBE00A2E887 /* GFTitleLabel.swift */ = {isa = PBXFileReference; lastKnownFileType = sourcecode.swift; path = GFTitleLabel.swift; sourceTree = "<group>"; };
		562821B42BE8EEAD00A2E887 /* GFBodyLabel.swift */ = {isa = PBXFileReference; lastKnownFileType = sourcecode.swift; path = GFBodyLabel.swift; sourceTree = "<group>"; };
		562821B62BE8F14500A2E887 /* GFAlertVC.swift */ = {isa = PBXFileReference; lastKnownFileType = sourcecode.swift; path = GFAlertVC.swift; sourceTree = "<group>"; };
		562821BA2BE8FDD000A2E887 /* UIViewController+Ext.swift */ = {isa = PBXFileReference; lastKnownFileType = sourcecode.swift; path = "UIViewController+Ext.swift"; sourceTree = "<group>"; };
		56333FEF2BDA6D6E00403EAC /* GHFollowers.app */ = {isa = PBXFileReference; explicitFileType = wrapper.application; includeInIndex = 0; path = GHFollowers.app; sourceTree = BUILT_PRODUCTS_DIR; };
		56333FF22BDA6D6E00403EAC /* AppDelegate.swift */ = {isa = PBXFileReference; lastKnownFileType = sourcecode.swift; path = AppDelegate.swift; sourceTree = "<group>"; };
		56333FF42BDA6D6E00403EAC /* SceneDelegate.swift */ = {isa = PBXFileReference; lastKnownFileType = sourcecode.swift; path = SceneDelegate.swift; sourceTree = "<group>"; };
		56333FFB2BDA6D7100403EAC /* Assets.xcassets */ = {isa = PBXFileReference; lastKnownFileType = folder.assetcatalog; path = Assets.xcassets; sourceTree = "<group>"; };
		56333FFE2BDA6D7100403EAC /* Base */ = {isa = PBXFileReference; lastKnownFileType = file.storyboard; name = Base; path = Base.lproj/LaunchScreen.storyboard; sourceTree = "<group>"; };
		563340002BDA6D7100403EAC /* Info.plist */ = {isa = PBXFileReference; lastKnownFileType = text.plist.xml; path = Info.plist; sourceTree = "<group>"; };
		563340062BDA75AD00403EAC /* SearchVC.swift */ = {isa = PBXFileReference; lastKnownFileType = sourcecode.swift; path = SearchVC.swift; sourceTree = "<group>"; };
		563340082BDA75FA00403EAC /* FavoritesListVC.swift */ = {isa = PBXFileReference; lastKnownFileType = sourcecode.swift; path = FavoritesListVC.swift; sourceTree = "<group>"; };
		5633400A2BDA8F2000403EAC /* GFButton.swift */ = {isa = PBXFileReference; lastKnownFileType = sourcecode.swift; path = GFButton.swift; sourceTree = "<group>"; };
		5644EE292BED577200F61228 /* Follower.swift */ = {isa = PBXFileReference; lastKnownFileType = sourcecode.swift; path = Follower.swift; sourceTree = "<group>"; };
		56A9B8262BF2750900FFF27F /* UIHelper.swift */ = {isa = PBXFileReference; lastKnownFileType = sourcecode.swift; path = UIHelper.swift; sourceTree = "<group>"; };
		56E4C1842BDB9CFE00F7D24B /* GFTextField.swift */ = {isa = PBXFileReference; lastKnownFileType = sourcecode.swift; path = GFTextField.swift; sourceTree = "<group>"; };
		56E4C1862BDCDBBD00F7D24B /* FollowerListVC.swift */ = {isa = PBXFileReference; lastKnownFileType = sourcecode.swift; path = FollowerListVC.swift; sourceTree = "<group>"; };
/* End PBXFileReference section */

/* Begin PBXFrameworksBuildPhase section */
		56333FEC2BDA6D6E00403EAC /* Frameworks */ = {
			isa = PBXFrameworksBuildPhase;
			buildActionMask = 2147483647;
			files = (
			);
			runOnlyForDeploymentPostprocessing = 0;
		};
/* End PBXFrameworksBuildPhase section */

/* Begin PBXGroup section */
		561D199A2BEE373B00B0CC89 /* Managers */ = {
			isa = PBXGroup;
			children = (
				561D199B2BEE374C00B0CC89 /* NetworkManager.swift */,
			);
			path = Managers;
			sourceTree = "<group>";
		};
		561D199D2BF014C900B0CC89 /* Utilities */ = {
			isa = PBXGroup;
			children = (
				561D199E2BF014DA00B0CC89 /* ErrorMessage.swift */,
				56A9B8262BF2750900FFF27F /* UIHelper.swift */,
			);
			path = Utilities;
			sourceTree = "<group>";
		};
		561D19A02BF11F6E00B0CC89 /* Cells */ = {
			isa = PBXGroup;
			children = (
				561D19A12BF11F8300B0CC89 /* FollowerCell.swift */,
			);
			path = Cells;
			sourceTree = "<group>";
		};
		56333FE62BDA6D6E00403EAC = {
			isa = PBXGroup;
			children = (
				56333FF12BDA6D6E00403EAC /* GHFollowers */,
				56333FF02BDA6D6E00403EAC /* Products */,
			);
			sourceTree = "<group>";
		};
		56333FF02BDA6D6E00403EAC /* Products */ = {
			isa = PBXGroup;
			children = (
				56333FEF2BDA6D6E00403EAC /* GHFollowers.app */,
			);
			name = Products;
			sourceTree = "<group>";
		};
		56333FF12BDA6D6E00403EAC /* GHFollowers */ = {
			isa = PBXGroup;
			children = (
				561D199D2BF014C900B0CC89 /* Utilities */,
				561D199A2BEE373B00B0CC89 /* Managers */,
				5644EE282BED574B00F61228 /* Model */,
				5643811A2BEAB4AC005B3C9F /* Extension */,
				564381192BEAB46B005B3C9F /* Custom Views */,
				564381182BEAB435005B3C9F /* Screens */,
				5643811B2BEAB508005B3C9F /* Support */,
				563340002BDA6D7100403EAC /* Info.plist */,
			);
			path = GHFollowers;
			sourceTree = "<group>";
		};
		564381182BEAB435005B3C9F /* Screens */ = {
			isa = PBXGroup;
			children = (
				563340062BDA75AD00403EAC /* SearchVC.swift */,
				56E4C1862BDCDBBD00F7D24B /* FollowerListVC.swift */,
				563340082BDA75FA00403EAC /* FavoritesListVC.swift */,
			);
			path = Screens;
			sourceTree = "<group>";
		};
		564381192BEAB46B005B3C9F /* Custom Views */ = {
			isa = PBXGroup;
			children = (
				561D19A02BF11F6E00B0CC89 /* Cells */,
				562821B62BE8F14500A2E887 /* GFAlertVC.swift */,
				5633400A2BDA8F2000403EAC /* GFButton.swift */,
				56E4C1842BDB9CFE00F7D24B /* GFTextField.swift */,
				562821B22BE8ECBE00A2E887 /* GFTitleLabel.swift */,
				562821B42BE8EEAD00A2E887 /* GFBodyLabel.swift */,
				561D19A32BF1203100B0CC89 /* GFAvatarImageView.swift */,
			);
			path = "Custom Views";
			sourceTree = "<group>";
		};
		5643811A2BEAB4AC005B3C9F /* Extension */ = {
			isa = PBXGroup;
			children = (
				562821BA2BE8FDD000A2E887 /* UIViewController+Ext.swift */,
			);
			path = Extension;
			sourceTree = "<group>";
		};
		5643811B2BEAB508005B3C9F /* Support */ = {
			isa = PBXGroup;
			children = (
				56333FF22BDA6D6E00403EAC /* AppDelegate.swift */,
				56333FF42BDA6D6E00403EAC /* SceneDelegate.swift */,
				56333FFB2BDA6D7100403EAC /* Assets.xcassets */,
				56333FFD2BDA6D7100403EAC /* LaunchScreen.storyboard */,
			);
			path = Support;
			sourceTree = "<group>";
		};
		5644EE282BED574B00F61228 /* Model */ = {
			isa = PBXGroup;
			children = (
				5644EE292BED577200F61228 /* Follower.swift */,
				561D19982BEE33CA00B0CC89 /* User.swift */,
			);
			path = Model;
			sourceTree = "<group>";
		};
/* End PBXGroup section */

/* Begin PBXNativeTarget section */
		56333FEE2BDA6D6E00403EAC /* GHFollowers */ = {
			isa = PBXNativeTarget;
			buildConfigurationList = 563340032BDA6D7100403EAC /* Build configuration list for PBXNativeTarget "GHFollowers" */;
			buildPhases = (
				56333FEB2BDA6D6E00403EAC /* Sources */,
				56333FEC2BDA6D6E00403EAC /* Frameworks */,
				56333FED2BDA6D6E00403EAC /* Resources */,
			);
			buildRules = (
			);
			dependencies = (
			);
			name = GHFollowers;
			productName = GHFollowers;
			productReference = 56333FEF2BDA6D6E00403EAC /* GHFollowers.app */;
			productType = "com.apple.product-type.application";
		};
/* End PBXNativeTarget section */

/* Begin PBXProject section */
		56333FE72BDA6D6E00403EAC /* Project object */ = {
			isa = PBXProject;
			attributes = {
				BuildIndependentTargetsInParallel = 1;
				LastSwiftUpdateCheck = 1500;
				LastUpgradeCheck = 1500;
				TargetAttributes = {
					56333FEE2BDA6D6E00403EAC = {
						CreatedOnToolsVersion = 15.0.1;
					};
				};
			};
			buildConfigurationList = 56333FEA2BDA6D6E00403EAC /* Build configuration list for PBXProject "GHFollowers" */;
			compatibilityVersion = "Xcode 14.0";
			developmentRegion = en;
			hasScannedForEncodings = 0;
			knownRegions = (
				en,
				Base,
			);
			mainGroup = 56333FE62BDA6D6E00403EAC;
			productRefGroup = 56333FF02BDA6D6E00403EAC /* Products */;
			projectDirPath = "";
			projectRoot = "";
			targets = (
				56333FEE2BDA6D6E00403EAC /* GHFollowers */,
			);
		};
/* End PBXProject section */

/* Begin PBXResourcesBuildPhase section */
		56333FED2BDA6D6E00403EAC /* Resources */ = {
			isa = PBXResourcesBuildPhase;
			buildActionMask = 2147483647;
			files = (
				56333FFF2BDA6D7100403EAC /* LaunchScreen.storyboard in Resources */,
				56333FFC2BDA6D7100403EAC /* Assets.xcassets in Resources */,
			);
			runOnlyForDeploymentPostprocessing = 0;
		};
/* End PBXResourcesBuildPhase section */

/* Begin PBXSourcesBuildPhase section */
		56333FEB2BDA6D6E00403EAC /* Sources */ = {
			isa = PBXSourcesBuildPhase;
			buildActionMask = 2147483647;
			files = (
				561D19992BEE33CA00B0CC89 /* User.swift in Sources */,
				56E4C1852BDB9CFE00F7D24B /* GFTextField.swift in Sources */,
				563340092BDA75FA00403EAC /* FavoritesListVC.swift in Sources */,
				5633400B2BDA8F2000403EAC /* GFButton.swift in Sources */,
				562821BB2BE8FDD000A2E887 /* UIViewController+Ext.swift in Sources */,
				56A9B8272BF2750900FFF27F /* UIHelper.swift in Sources */,
				561D19A42BF1203100B0CC89 /* GFAvatarImageView.swift in Sources */,
				563340072BDA75AD00403EAC /* SearchVC.swift in Sources */,
				562821B72BE8F14500A2E887 /* GFAlertVC.swift in Sources */,
				561D19A22BF11F8300B0CC89 /* FollowerCell.swift in Sources */,
				561D199F2BF014DA00B0CC89 /* ErrorMessage.swift in Sources */,
				562821B52BE8EEAD00A2E887 /* GFBodyLabel.swift in Sources */,
				561D199C2BEE374C00B0CC89 /* NetworkManager.swift in Sources */,
				5644EE2A2BED577200F61228 /* Follower.swift in Sources */,
				562821B32BE8ECBE00A2E887 /* GFTitleLabel.swift in Sources */,
				56E4C1872BDCDBBD00F7D24B /* FollowerListVC.swift in Sources */,
				56333FF32BDA6D6E00403EAC /* AppDelegate.swift in Sources */,
				56333FF52BDA6D6E00403EAC /* SceneDelegate.swift in Sources */,
			);
			runOnlyForDeploymentPostprocessing = 0;
		};
/* End PBXSourcesBuildPhase section */

/* Begin PBXVariantGroup section */
		56333FFD2BDA6D7100403EAC /* LaunchScreen.storyboard */ = {
			isa = PBXVariantGroup;
			children = (
				56333FFE2BDA6D7100403EAC /* Base */,
			);
			name = LaunchScreen.storyboard;
			sourceTree = "<group>";
		};
/* End PBXVariantGroup section */

/* Begin XCBuildConfiguration section */
		563340012BDA6D7100403EAC /* Debug */ = {
			isa = XCBuildConfiguration;
			buildSettings = {
				ALWAYS_SEARCH_USER_PATHS = NO;
				ASSETCATALOG_COMPILER_GENERATE_SWIFT_ASSET_SYMBOL_EXTENSIONS = YES;
				CLANG_ANALYZER_NONNULL = YES;
				CLANG_ANALYZER_NUMBER_OBJECT_CONVERSION = YES_AGGRESSIVE;
				CLANG_CXX_LANGUAGE_STANDARD = "gnu++20";
				CLANG_ENABLE_MODULES = YES;
				CLANG_ENABLE_OBJC_ARC = YES;
				CLANG_ENABLE_OBJC_WEAK = YES;
				CLANG_WARN_BLOCK_CAPTURE_AUTORELEASING = YES;
				CLANG_WARN_BOOL_CONVERSION = YES;
				CLANG_WARN_COMMA = YES;
				CLANG_WARN_CONSTANT_CONVERSION = YES;
				CLANG_WARN_DEPRECATED_OBJC_IMPLEMENTATIONS = YES;
				CLANG_WARN_DIRECT_OBJC_ISA_USAGE = YES_ERROR;
				CLANG_WARN_DOCUMENTATION_COMMENTS = YES;
				CLANG_WARN_EMPTY_BODY = YES;
				CLANG_WARN_ENUM_CONVERSION = YES;
				CLANG_WARN_INFINITE_RECURSION = YES;
				CLANG_WARN_INT_CONVERSION = YES;
				CLANG_WARN_NON_LITERAL_NULL_CONVERSION = YES;
				CLANG_WARN_OBJC_IMPLICIT_RETAIN_SELF = YES;
				CLANG_WARN_OBJC_LITERAL_CONVERSION = YES;
				CLANG_WARN_OBJC_ROOT_CLASS = YES_ERROR;
				CLANG_WARN_QUOTED_INCLUDE_IN_FRAMEWORK_HEADER = YES;
				CLANG_WARN_RANGE_LOOP_ANALYSIS = YES;
				CLANG_WARN_STRICT_PROTOTYPES = YES;
				CLANG_WARN_SUSPICIOUS_MOVE = YES;
				CLANG_WARN_UNGUARDED_AVAILABILITY = YES_AGGRESSIVE;
				CLANG_WARN_UNREACHABLE_CODE = YES;
				CLANG_WARN__DUPLICATE_METHOD_MATCH = YES;
				COPY_PHASE_STRIP = NO;
				DEBUG_INFORMATION_FORMAT = dwarf;
				ENABLE_STRICT_OBJC_MSGSEND = YES;
				ENABLE_TESTABILITY = YES;
				ENABLE_USER_SCRIPT_SANDBOXING = YES;
				GCC_C_LANGUAGE_STANDARD = gnu17;
				GCC_DYNAMIC_NO_PIC = NO;
				GCC_NO_COMMON_BLOCKS = YES;
				GCC_OPTIMIZATION_LEVEL = 0;
				GCC_PREPROCESSOR_DEFINITIONS = (
					"DEBUG=1",
					"$(inherited)",
				);
				GCC_WARN_64_TO_32_BIT_CONVERSION = YES;
				GCC_WARN_ABOUT_RETURN_TYPE = YES_ERROR;
				GCC_WARN_UNDECLARED_SELECTOR = YES;
				GCC_WARN_UNINITIALIZED_AUTOS = YES_AGGRESSIVE;
				GCC_WARN_UNUSED_FUNCTION = YES;
				GCC_WARN_UNUSED_VARIABLE = YES;
				IPHONEOS_DEPLOYMENT_TARGET = 17.0;
				LOCALIZATION_PREFERS_STRING_CATALOGS = YES;
				MTL_ENABLE_DEBUG_INFO = INCLUDE_SOURCE;
				MTL_FAST_MATH = YES;
				ONLY_ACTIVE_ARCH = YES;
				SDKROOT = iphoneos;
				SWIFT_ACTIVE_COMPILATION_CONDITIONS = "DEBUG $(inherited)";
				SWIFT_OPTIMIZATION_LEVEL = "-Onone";
			};
			name = Debug;
		};
		563340022BDA6D7100403EAC /* Release */ = {
			isa = XCBuildConfiguration;
			buildSettings = {
				ALWAYS_SEARCH_USER_PATHS = NO;
				ASSETCATALOG_COMPILER_GENERATE_SWIFT_ASSET_SYMBOL_EXTENSIONS = YES;
				CLANG_ANALYZER_NONNULL = YES;
				CLANG_ANALYZER_NUMBER_OBJECT_CONVERSION = YES_AGGRESSIVE;
				CLANG_CXX_LANGUAGE_STANDARD = "gnu++20";
				CLANG_ENABLE_MODULES = YES;
				CLANG_ENABLE_OBJC_ARC = YES;
				CLANG_ENABLE_OBJC_WEAK = YES;
				CLANG_WARN_BLOCK_CAPTURE_AUTORELEASING = YES;
				CLANG_WARN_BOOL_CONVERSION = YES;
				CLANG_WARN_COMMA = YES;
				CLANG_WARN_CONSTANT_CONVERSION = YES;
				CLANG_WARN_DEPRECATED_OBJC_IMPLEMENTATIONS = YES;
				CLANG_WARN_DIRECT_OBJC_ISA_USAGE = YES_ERROR;
				CLANG_WARN_DOCUMENTATION_COMMENTS = YES;
				CLANG_WARN_EMPTY_BODY = YES;
				CLANG_WARN_ENUM_CONVERSION = YES;
				CLANG_WARN_INFINITE_RECURSION = YES;
				CLANG_WARN_INT_CONVERSION = YES;
				CLANG_WARN_NON_LITERAL_NULL_CONVERSION = YES;
				CLANG_WARN_OBJC_IMPLICIT_RETAIN_SELF = YES;
				CLANG_WARN_OBJC_LITERAL_CONVERSION = YES;
				CLANG_WARN_OBJC_ROOT_CLASS = YES_ERROR;
				CLANG_WARN_QUOTED_INCLUDE_IN_FRAMEWORK_HEADER = YES;
				CLANG_WARN_RANGE_LOOP_ANALYSIS = YES;
				CLANG_WARN_STRICT_PROTOTYPES = YES;
				CLANG_WARN_SUSPICIOUS_MOVE = YES;
				CLANG_WARN_UNGUARDED_AVAILABILITY = YES_AGGRESSIVE;
				CLANG_WARN_UNREACHABLE_CODE = YES;
				CLANG_WARN__DUPLICATE_METHOD_MATCH = YES;
				COPY_PHASE_STRIP = NO;
				DEBUG_INFORMATION_FORMAT = "dwarf-with-dsym";
				ENABLE_NS_ASSERTIONS = NO;
				ENABLE_STRICT_OBJC_MSGSEND = YES;
				ENABLE_USER_SCRIPT_SANDBOXING = YES;
				GCC_C_LANGUAGE_STANDARD = gnu17;
				GCC_NO_COMMON_BLOCKS = YES;
				GCC_WARN_64_TO_32_BIT_CONVERSION = YES;
				GCC_WARN_ABOUT_RETURN_TYPE = YES_ERROR;
				GCC_WARN_UNDECLARED_SELECTOR = YES;
				GCC_WARN_UNINITIALIZED_AUTOS = YES_AGGRESSIVE;
				GCC_WARN_UNUSED_FUNCTION = YES;
				GCC_WARN_UNUSED_VARIABLE = YES;
				IPHONEOS_DEPLOYMENT_TARGET = 17.0;
				LOCALIZATION_PREFERS_STRING_CATALOGS = YES;
				MTL_ENABLE_DEBUG_INFO = NO;
				MTL_FAST_MATH = YES;
				SDKROOT = iphoneos;
				SWIFT_COMPILATION_MODE = wholemodule;
				VALIDATE_PRODUCT = YES;
			};
			name = Release;
		};
		563340042BDA6D7100403EAC /* Debug */ = {
			isa = XCBuildConfiguration;
			buildSettings = {
				ASSETCATALOG_COMPILER_APPICON_NAME = AppIcon;
				ASSETCATALOG_COMPILER_GLOBAL_ACCENT_COLOR_NAME = AccentColor;
				CODE_SIGN_STYLE = Automatic;
				CURRENT_PROJECT_VERSION = 1;
				GENERATE_INFOPLIST_FILE = YES;
				INFOPLIST_FILE = GHFollowers/Info.plist;
				INFOPLIST_KEY_UIApplicationSupportsIndirectInputEvents = YES;
				INFOPLIST_KEY_UILaunchStoryboardName = LaunchScreen;
				INFOPLIST_KEY_UISupportedInterfaceOrientations = UIInterfaceOrientationPortrait;
				LD_RUNPATH_SEARCH_PATHS = (
					"$(inherited)",
					"@executable_path/Frameworks",
				);
				MARKETING_VERSION = 1.0;
				PRODUCT_BUNDLE_IDENTIFIER = co.omercelikel.GHFollowers;
				PRODUCT_NAME = "$(TARGET_NAME)";
				SWIFT_EMIT_LOC_STRINGS = YES;
				SWIFT_VERSION = 5.0;
				TARGETED_DEVICE_FAMILY = "1,2";
			};
			name = Debug;
		};
		563340052BDA6D7100403EAC /* Release */ = {
			isa = XCBuildConfiguration;
			buildSettings = {
				ASSETCATALOG_COMPILER_APPICON_NAME = AppIcon;
				ASSETCATALOG_COMPILER_GLOBAL_ACCENT_COLOR_NAME = AccentColor;
				CODE_SIGN_STYLE = Automatic;
				CURRENT_PROJECT_VERSION = 1;
				GENERATE_INFOPLIST_FILE = YES;
				INFOPLIST_FILE = GHFollowers/Info.plist;
				INFOPLIST_KEY_UIApplicationSupportsIndirectInputEvents = YES;
				INFOPLIST_KEY_UILaunchStoryboardName = LaunchScreen;
				INFOPLIST_KEY_UISupportedInterfaceOrientations = UIInterfaceOrientationPortrait;
				LD_RUNPATH_SEARCH_PATHS = (
					"$(inherited)",
					"@executable_path/Frameworks",
				);
				MARKETING_VERSION = 1.0;
				PRODUCT_BUNDLE_IDENTIFIER = co.omercelikel.GHFollowers;
				PRODUCT_NAME = "$(TARGET_NAME)";
				SWIFT_EMIT_LOC_STRINGS = YES;
				SWIFT_VERSION = 5.0;
				TARGETED_DEVICE_FAMILY = "1,2";
			};
			name = Release;
		};
/* End XCBuildConfiguration section */

/* Begin XCConfigurationList section */
		56333FEA2BDA6D6E00403EAC /* Build configuration list for PBXProject "GHFollowers" */ = {
			isa = XCConfigurationList;
			buildConfigurations = (
				563340012BDA6D7100403EAC /* Debug */,
				563340022BDA6D7100403EAC /* Release */,
			);
			defaultConfigurationIsVisible = 0;
			defaultConfigurationName = Release;
		};
		563340032BDA6D7100403EAC /* Build configuration list for PBXNativeTarget "GHFollowers" */ = {
			isa = XCConfigurationList;
			buildConfigurations = (
				563340042BDA6D7100403EAC /* Debug */,
				563340052BDA6D7100403EAC /* Release */,
			);
			defaultConfigurationIsVisible = 0;
			defaultConfigurationName = Release;
		};
/* End XCConfigurationList section */
	};
	rootObject = 56333FE72BDA6D6E00403EAC /* Project object */;
}
